// !$*UTF8*$!
{
	archiveVersion = 1;
	classes = {
	};
	objectVersion = 50;
	objects = {

/* Begin PBXBuildFile section */
		A87564452703B5390086F27B /* CategoryRow.swift in Sources */ = {isa = PBXBuildFile; fileRef = A87564442703B5390086F27B /* CategoryRow.swift */; };
		A87564472703B7D00086F27B /* CategoryItem.swift in Sources */ = {isa = PBXBuildFile; fileRef = A87564462703B7D00086F27B /* CategoryItem.swift */; };
		A89724B72703B2320005DCB7 /* CategoryHome.swift in Sources */ = {isa = PBXBuildFile; fileRef = A89724B62703B2320005DCB7 /* CategoryHome.swift */; };
		C517D1CC2635C3F000017DF3 /* hikeData.json in Resources */ = {isa = PBXBuildFile; fileRef = C517D1CB2635C3F000017DF3 /* hikeData.json */; };
		C517D1CF2635C42B00017DF3 /* Hike.swift in Sources */ = {isa = PBXBuildFile; fileRef = C517D1CE2635C42B00017DF3 /* Hike.swift */; };
		C517D1D62635C5CA00017DF3 /* GraphCapsule.swift in Sources */ = {isa = PBXBuildFile; fileRef = C517D1D22635C5CA00017DF3 /* GraphCapsule.swift */; };
		C517D1D72635C5CA00017DF3 /* HikeGraph.swift in Sources */ = {isa = PBXBuildFile; fileRef = C517D1D32635C5CA00017DF3 /* HikeGraph.swift */; };
		C517D1D82635C5CA00017DF3 /* HikeDetail.swift in Sources */ = {isa = PBXBuildFile; fileRef = C517D1D42635C5CA00017DF3 /* HikeDetail.swift */; };
		C517D1D92635C5CA00017DF3 /* HikeView.swift in Sources */ = {isa = PBXBuildFile; fileRef = C517D1D52635C5CA00017DF3 /* HikeView.swift */; };
		C517D1DE2635C80900017DF3 /* HikeView.swift in Resources */ = {isa = PBXBuildFile; fileRef = C517D1D52635C5CA00017DF3 /* HikeView.swift */; };
		C587404F260CD4D100C189BB /* LandmarksApp.swift in Sources */ = {isa = PBXBuildFile; fileRef = C587404E260CD4D100C189BB /* LandmarksApp.swift */; };
		C5874053260CD4D500C189BB /* Assets.xcassets in Resources */ = {isa = PBXBuildFile; fileRef = C5874052260CD4D500C189BB /* Assets.xcassets */; };
		C5874056260CD4D500C189BB /* Preview Assets.xcassets in Resources */ = {isa = PBXBuildFile; fileRef = C5874055260CD4D500C189BB /* Preview Assets.xcassets */; };
		C5874071260CD62B00C189BB /* landmarkData.json in Resources */ = {isa = PBXBuildFile; fileRef = C5874070260CD62A00C189BB /* landmarkData.json */; };
		C5874077260CD64F00C189BB /* ModelData.swift in Sources */ = {isa = PBXBuildFile; fileRef = C5874075260CD64F00C189BB /* ModelData.swift */; };
		C5874078260CD64F00C189BB /* Landmark.swift in Sources */ = {isa = PBXBuildFile; fileRef = C5874076260CD64F00C189BB /* Landmark.swift */; };
		C5874084260CD65600C189BB /* LandmarkDetailView.swift in Sources */ = {isa = PBXBuildFile; fileRef = C587407C260CD65600C189BB /* LandmarkDetailView.swift */; };
		C5874085260CD65600C189BB /* LandmarkListView.swift in Sources */ = {isa = PBXBuildFile; fileRef = C587407D260CD65600C189BB /* LandmarkListView.swift */; };
		C5874086260CD65600C189BB /* LandmarkRow.swift in Sources */ = {isa = PBXBuildFile; fileRef = C587407E260CD65600C189BB /* LandmarkRow.swift */; };
		C5874087260CD65600C189BB /* ContentView.swift in Sources */ = {isa = PBXBuildFile; fileRef = C587407F260CD65600C189BB /* ContentView.swift */; };
		C5874088260CD65600C189BB /* MapView.swift in Sources */ = {isa = PBXBuildFile; fileRef = C5874081260CD65600C189BB /* MapView.swift */; };
		C5874089260CD65600C189BB /* FavoriteButton.swift in Sources */ = {isa = PBXBuildFile; fileRef = C5874082260CD65600C189BB /* FavoriteButton.swift */; };
		C587408A260CD65600C189BB /* CircleImageView.swift in Sources */ = {isa = PBXBuildFile; fileRef = C5874083260CD65600C189BB /* CircleImageView.swift */; };
		C587408E260CD70C00C189BB /* HexagonParameters.swift in Sources */ = {isa = PBXBuildFile; fileRef = C587408D260CD70C00C189BB /* HexagonParameters.swift */; };
		C5874095260CDB6B00C189BB /* BadgeBackground.swift in Sources */ = {isa = PBXBuildFile; fileRef = C5874094260CDB6B00C189BB /* BadgeBackground.swift */; };
		C5874098260CE2E200C189BB /* BadgeSymbol.swift in Sources */ = {isa = PBXBuildFile; fileRef = C5874097260CE2E200C189BB /* BadgeSymbol.swift */; };
		C587409B260CE65300C189BB /* RotatedBadgeSymbol.swift in Sources */ = {isa = PBXBuildFile; fileRef = C587409A260CE65300C189BB /* RotatedBadgeSymbol.swift */; };
		C587409E260CFA8900C189BB /* Badge.swift in Sources */ = {isa = PBXBuildFile; fileRef = C587409D260CFA8900C189BB /* Badge.swift */; };
/* End PBXBuildFile section */

/* Begin PBXFileReference section */
		A87564442703B5390086F27B /* CategoryRow.swift */ = {isa = PBXFileReference; lastKnownFileType = sourcecode.swift; path = CategoryRow.swift; sourceTree = "<group>"; };
		A87564462703B7D00086F27B /* CategoryItem.swift */ = {isa = PBXFileReference; lastKnownFileType = sourcecode.swift; path = CategoryItem.swift; sourceTree = "<group>"; };
		A89724B62703B2320005DCB7 /* CategoryHome.swift */ = {isa = PBXFileReference; lastKnownFileType = sourcecode.swift; path = CategoryHome.swift; sourceTree = "<group>"; };
		C517D1CB2635C3F000017DF3 /* hikeData.json */ = {isa = PBXFileReference; fileEncoding = 4; lastKnownFileType = text.json; path = hikeData.json; sourceTree = "<group>"; };
		C517D1CE2635C42B00017DF3 /* Hike.swift */ = {isa = PBXFileReference; lastKnownFileType = sourcecode.swift; path = Hike.swift; sourceTree = "<group>"; };
		C517D1D22635C5CA00017DF3 /* GraphCapsule.swift */ = {isa = PBXFileReference; fileEncoding = 4; lastKnownFileType = sourcecode.swift; path = GraphCapsule.swift; sourceTree = "<group>"; };
		C517D1D32635C5CA00017DF3 /* HikeGraph.swift */ = {isa = PBXFileReference; fileEncoding = 4; lastKnownFileType = sourcecode.swift; path = HikeGraph.swift; sourceTree = "<group>"; };
		C517D1D42635C5CA00017DF3 /* HikeDetail.swift */ = {isa = PBXFileReference; fileEncoding = 4; lastKnownFileType = sourcecode.swift; path = HikeDetail.swift; sourceTree = "<group>"; };
		C517D1D52635C5CA00017DF3 /* HikeView.swift */ = {isa = PBXFileReference; fileEncoding = 4; lastKnownFileType = sourcecode.swift; path = HikeView.swift; sourceTree = "<group>"; };
		C587404B260CD4D100C189BB /* Landmarks.app */ = {isa = PBXFileReference; explicitFileType = wrapper.application; includeInIndex = 0; path = Landmarks.app; sourceTree = BUILT_PRODUCTS_DIR; };
		C587404E260CD4D100C189BB /* LandmarksApp.swift */ = {isa = PBXFileReference; lastKnownFileType = sourcecode.swift; path = LandmarksApp.swift; sourceTree = "<group>"; };
		C5874052260CD4D500C189BB /* Assets.xcassets */ = {isa = PBXFileReference; lastKnownFileType = folder.assetcatalog; path = Assets.xcassets; sourceTree = "<group>"; };
		C5874055260CD4D500C189BB /* Preview Assets.xcassets */ = {isa = PBXFileReference; lastKnownFileType = folder.assetcatalog; path = "Preview Assets.xcassets"; sourceTree = "<group>"; };
		C5874057260CD4D500C189BB /* Info.plist */ = {isa = PBXFileReference; lastKnownFileType = text.plist.xml; path = Info.plist; sourceTree = "<group>"; };
		C5874070260CD62A00C189BB /* landmarkData.json */ = {isa = PBXFileReference; fileEncoding = 4; lastKnownFileType = text.json; path = landmarkData.json; sourceTree = "<group>"; };
		C5874075260CD64F00C189BB /* ModelData.swift */ = {isa = PBXFileReference; fileEncoding = 4; lastKnownFileType = sourcecode.swift; path = ModelData.swift; sourceTree = "<group>"; };
		C5874076260CD64F00C189BB /* Landmark.swift */ = {isa = PBXFileReference; fileEncoding = 4; lastKnownFileType = sourcecode.swift; path = Landmark.swift; sourceTree = "<group>"; };
		C587407C260CD65600C189BB /* LandmarkDetailView.swift */ = {isa = PBXFileReference; fileEncoding = 4; lastKnownFileType = sourcecode.swift; path = LandmarkDetailView.swift; sourceTree = "<group>"; };
		C587407D260CD65600C189BB /* LandmarkListView.swift */ = {isa = PBXFileReference; fileEncoding = 4; lastKnownFileType = sourcecode.swift; path = LandmarkListView.swift; sourceTree = "<group>"; };
		C587407E260CD65600C189BB /* LandmarkRow.swift */ = {isa = PBXFileReference; fileEncoding = 4; lastKnownFileType = sourcecode.swift; path = LandmarkRow.swift; sourceTree = "<group>"; };
		C587407F260CD65600C189BB /* ContentView.swift */ = {isa = PBXFileReference; fileEncoding = 4; lastKnownFileType = sourcecode.swift; path = ContentView.swift; sourceTree = "<group>"; };
		C5874081260CD65600C189BB /* MapView.swift */ = {isa = PBXFileReference; fileEncoding = 4; lastKnownFileType = sourcecode.swift; path = MapView.swift; sourceTree = "<group>"; };
		C5874082260CD65600C189BB /* FavoriteButton.swift */ = {isa = PBXFileReference; fileEncoding = 4; lastKnownFileType = sourcecode.swift; path = FavoriteButton.swift; sourceTree = "<group>"; };
		C5874083260CD65600C189BB /* CircleImageView.swift */ = {isa = PBXFileReference; fileEncoding = 4; lastKnownFileType = sourcecode.swift; path = CircleImageView.swift; sourceTree = "<group>"; };
		C587408D260CD70C00C189BB /* HexagonParameters.swift */ = {isa = PBXFileReference; lastKnownFileType = sourcecode.swift; path = HexagonParameters.swift; sourceTree = "<group>"; };
		C5874094260CDB6B00C189BB /* BadgeBackground.swift */ = {isa = PBXFileReference; lastKnownFileType = sourcecode.swift; path = BadgeBackground.swift; sourceTree = "<group>"; };
		C5874097260CE2E200C189BB /* BadgeSymbol.swift */ = {isa = PBXFileReference; lastKnownFileType = sourcecode.swift; path = BadgeSymbol.swift; sourceTree = "<group>"; };
		C587409A260CE65300C189BB /* RotatedBadgeSymbol.swift */ = {isa = PBXFileReference; lastKnownFileType = sourcecode.swift; path = RotatedBadgeSymbol.swift; sourceTree = "<group>"; };
		C587409D260CFA8900C189BB /* Badge.swift */ = {isa = PBXFileReference; lastKnownFileType = sourcecode.swift; path = Badge.swift; sourceTree = "<group>"; };
/* End PBXFileReference section */

/* Begin PBXFrameworksBuildPhase section */
		C5874048260CD4D100C189BB /* Frameworks */ = {
			isa = PBXFrameworksBuildPhase;
			buildActionMask = 2147483647;
			files = (
			);
			runOnlyForDeploymentPostprocessing = 0;
		};
/* End PBXFrameworksBuildPhase section */

/* Begin PBXGroup section */
		A89724B52703B1FF0005DCB7 /* Categories */ = {
			isa = PBXGroup;
			children = (
				A89724B62703B2320005DCB7 /* CategoryHome.swift */,
				A87564442703B5390086F27B /* CategoryRow.swift */,
				A87564462703B7D00086F27B /* CategoryItem.swift */,
			);
			path = Categories;
			sourceTree = "<group>";
		};
		C517D1D12635C5CA00017DF3 /* Hikes */ = {
			isa = PBXGroup;
			children = (
				C517D1D22635C5CA00017DF3 /* GraphCapsule.swift */,
				C517D1D32635C5CA00017DF3 /* HikeGraph.swift */,
				C517D1D42635C5CA00017DF3 /* HikeDetail.swift */,
				C517D1D52635C5CA00017DF3 /* HikeView.swift */,
			);
			path = Hikes;
			sourceTree = "<group>";
		};
		C5874042260CD4D100C189BB = {
			isa = PBXGroup;
			children = (
				C587404D260CD4D100C189BB /* Landmarks */,
				C587404C260CD4D100C189BB /* Products */,
			);
			sourceTree = "<group>";
		};
		C587404C260CD4D100C189BB /* Products */ = {
			isa = PBXGroup;
			children = (
				C587404B260CD4D100C189BB /* Landmarks.app */,
			);
			name = Products;
			sourceTree = "<group>";
		};
		C587404D260CD4D100C189BB /* Landmarks */ = {
			isa = PBXGroup;
			children = (
				C587406F260CD62A00C189BB /* Resources */,
				C5874074260CD64F00C189BB /* Model */,
				C587407A260CD65600C189BB /* Views */,
				C58740A0260CFF4D00C189BB /* Badges */,
				C587404E260CD4D100C189BB /* LandmarksApp.swift */,
				C5874052260CD4D500C189BB /* Assets.xcassets */,
				C5874057260CD4D500C189BB /* Info.plist */,
				C5874054260CD4D500C189BB /* Preview Content */,
			);
			path = Landmarks;
			sourceTree = "<group>";
		};
		C5874054260CD4D500C189BB /* Preview Content */ = {
			isa = PBXGroup;
			children = (
				C5874055260CD4D500C189BB /* Preview Assets.xcassets */,
			);
			path = "Preview Content";
			sourceTree = "<group>";
		};
		C587406F260CD62A00C189BB /* Resources */ = {
			isa = PBXGroup;
			children = (
				C517D1CB2635C3F000017DF3 /* hikeData.json */,
				C5874070260CD62A00C189BB /* landmarkData.json */,
			);
			path = Resources;
			sourceTree = "<group>";
		};
		C5874074260CD64F00C189BB /* Model */ = {
			isa = PBXGroup;
			children = (
				C5874075260CD64F00C189BB /* ModelData.swift */,
				C5874076260CD64F00C189BB /* Landmark.swift */,
				C517D1CE2635C42B00017DF3 /* Hike.swift */,
			);
			path = Model;
			sourceTree = "<group>";
		};
		C587407A260CD65600C189BB /* Views */ = {
			isa = PBXGroup;
			children = (
				A89724B52703B1FF0005DCB7 /* Categories */,
				C587407B260CD65600C189BB /* Landmarks */,
				C5874080260CD65600C189BB /* Helpers */,
				C517D1D12635C5CA00017DF3 /* Hikes */,
				C587407F260CD65600C189BB /* ContentView.swift */,
			);
			path = Views;
			sourceTree = "<group>";
		};
		C587407B260CD65600C189BB /* Landmarks */ = {
			isa = PBXGroup;
			children = (
				C587407C260CD65600C189BB /* LandmarkDetailView.swift */,
				C587407D260CD65600C189BB /* LandmarkListView.swift */,
				C587407E260CD65600C189BB /* LandmarkRow.swift */,
			);
			path = Landmarks;
			sourceTree = "<group>";
		};
		C5874080260CD65600C189BB /* Helpers */ = {
			isa = PBXGroup;
			children = (
				C5874081260CD65600C189BB /* MapView.swift */,
				C5874082260CD65600C189BB /* FavoriteButton.swift */,
				C5874083260CD65600C189BB /* CircleImageView.swift */,
			);
			path = Helpers;
			sourceTree = "<group>";
		};
		C58740A0260CFF4D00C189BB /* Badges */ = {
			isa = PBXGroup;
			children = (
				C587408D260CD70C00C189BB /* HexagonParameters.swift */,
				C5874094260CDB6B00C189BB /* BadgeBackground.swift */,
				C5874097260CE2E200C189BB /* BadgeSymbol.swift */,
				C587409A260CE65300C189BB /* RotatedBadgeSymbol.swift */,
				C587409D260CFA8900C189BB /* Badge.swift */,
			);
			path = Badges;
			sourceTree = "<group>";
		};
/* End PBXGroup section */

/* Begin PBXNativeTarget section */
		C587404A260CD4D100C189BB /* Landmarks */ = {
			isa = PBXNativeTarget;
			buildConfigurationList = C587405A260CD4D500C189BB /* Build configuration list for PBXNativeTarget "Landmarks" */;
			buildPhases = (
				C5874047260CD4D100C189BB /* Sources */,
				C5874048260CD4D100C189BB /* Frameworks */,
				C5874049260CD4D100C189BB /* Resources */,
			);
			buildRules = (
			);
			dependencies = (
			);
			name = Landmarks;
			productName = Landmarks;
			productReference = C587404B260CD4D100C189BB /* Landmarks.app */;
			productType = "com.apple.product-type.application";
		};
/* End PBXNativeTarget section */

/* Begin PBXProject section */
		C5874043260CD4D100C189BB /* Project object */ = {
			isa = PBXProject;
			attributes = {
				LastSwiftUpdateCheck = 1230;
				LastUpgradeCheck = 1230;
				TargetAttributes = {
					C587404A260CD4D100C189BB = {
						CreatedOnToolsVersion = 12.3;
					};
				};
			};
			buildConfigurationList = C5874046260CD4D100C189BB /* Build configuration list for PBXProject "Landmarks" */;
			compatibilityVersion = "Xcode 9.3";
			developmentRegion = en;
			hasScannedForEncodings = 0;
			knownRegions = (
				en,
				Base,
			);
			mainGroup = C5874042260CD4D100C189BB;
			productRefGroup = C587404C260CD4D100C189BB /* Products */;
			projectDirPath = "";
			projectRoot = "";
			targets = (
				C587404A260CD4D100C189BB /* Landmarks */,
			);
		};
/* End PBXProject section */

/* Begin PBXResourcesBuildPhase section */
		C5874049260CD4D100C189BB /* Resources */ = {
			isa = PBXResourcesBuildPhase;
			buildActionMask = 2147483647;
			files = (
				C517D1DE2635C80900017DF3 /* HikeView.swift in Resources */,
				C517D1CC2635C3F000017DF3 /* hikeData.json in Resources */,
				C5874056260CD4D500C189BB /* Preview Assets.xcassets in Resources */,
				C5874053260CD4D500C189BB /* Assets.xcassets in Resources */,
				C5874071260CD62B00C189BB /* landmarkData.json in Resources */,
			);
			runOnlyForDeploymentPostprocessing = 0;
		};
/* End PBXResourcesBuildPhase section */

/* Begin PBXSourcesBuildPhase section */
		C5874047260CD4D100C189BB /* Sources */ = {
			isa = PBXSourcesBuildPhase;
			buildActionMask = 2147483647;
			files = (
				A87564452703B5390086F27B /* CategoryRow.swift in Sources */,
				C587404F260CD4D100C189BB /* LandmarksApp.swift in Sources */,
				A89724B72703B2320005DCB7 /* CategoryHome.swift in Sources */,
				C517D1D72635C5CA00017DF3 /* HikeGraph.swift in Sources */,
				C587409E260CFA8900C189BB /* Badge.swift in Sources */,
				C5874088260CD65600C189BB /* MapView.swift in Sources */,
				C517D1D62635C5CA00017DF3 /* GraphCapsule.swift in Sources */,
				C5874077260CD64F00C189BB /* ModelData.swift in Sources */,
				C5874089260CD65600C189BB /* FavoriteButton.swift in Sources */,
				A87564472703B7D00086F27B /* CategoryItem.swift in Sources */,
				C517D1D82635C5CA00017DF3 /* HikeDetail.swift in Sources */,
				C587408E260CD70C00C189BB /* HexagonParameters.swift in Sources */,
				C517D1CF2635C42B00017DF3 /* Hike.swift in Sources */,
				C587409B260CE65300C189BB /* RotatedBadgeSymbol.swift in Sources */,
				C5874098260CE2E200C189BB /* BadgeSymbol.swift in Sources */,
				C5874087260CD65600C189BB /* ContentView.swift in Sources */,
				C517D1D92635C5CA00017DF3 /* HikeView.swift in Sources */,
				C5874086260CD65600C189BB /* LandmarkRow.swift in Sources */,
				C5874095260CDB6B00C189BB /* BadgeBackground.swift in Sources */,
				C5874085260CD65600C189BB /* LandmarkListView.swift in Sources */,
				C5874078260CD64F00C189BB /* Landmark.swift in Sources */,
				C587408A260CD65600C189BB /* CircleImageView.swift in Sources */,
				C5874084260CD65600C189BB /* LandmarkDetailView.swift in Sources */,
			);
			runOnlyForDeploymentPostprocessing = 0;
		};
/* End PBXSourcesBuildPhase section */

/* Begin XCBuildConfiguration section */
		C5874058260CD4D500C189BB /* Debug */ = {
			isa = XCBuildConfiguration;
			buildSettings = {
				ALWAYS_SEARCH_USER_PATHS = NO;
				CLANG_ANALYZER_NONNULL = YES;
				CLANG_ANALYZER_NUMBER_OBJECT_CONVERSION = YES_AGGRESSIVE;
				CLANG_CXX_LANGUAGE_STANDARD = "gnu++14";
				CLANG_CXX_LIBRARY = "libc++";
				CLANG_ENABLE_MODULES = YES;
				CLANG_ENABLE_OBJC_ARC = YES;
				CLANG_ENABLE_OBJC_WEAK = YES;
				CLANG_WARN_BLOCK_CAPTURE_AUTORELEASING = YES;
				CLANG_WARN_BOOL_CONVERSION = YES;
				CLANG_WARN_COMMA = YES;
				CLANG_WARN_CONSTANT_CONVERSION = YES;
				CLANG_WARN_DEPRECATED_OBJC_IMPLEMENTATIONS = YES;
				CLANG_WARN_DIRECT_OBJC_ISA_USAGE = YES_ERROR;
				CLANG_WARN_DOCUMENTATION_COMMENTS = YES;
				CLANG_WARN_EMPTY_BODY = YES;
				CLANG_WARN_ENUM_CONVERSION = YES;
				CLANG_WARN_INFINITE_RECURSION = YES;
				CLANG_WARN_INT_CONVERSION = YES;
				CLANG_WARN_NON_LITERAL_NULL_CONVERSION = YES;
				CLANG_WARN_OBJC_IMPLICIT_RETAIN_SELF = YES;
				CLANG_WARN_OBJC_LITERAL_CONVERSION = YES;
				CLANG_WARN_OBJC_ROOT_CLASS = YES_ERROR;
				CLANG_WARN_QUOTED_INCLUDE_IN_FRAMEWORK_HEADER = YES;
				CLANG_WARN_RANGE_LOOP_ANALYSIS = YES;
				CLANG_WARN_STRICT_PROTOTYPES = YES;
				CLANG_WARN_SUSPICIOUS_MOVE = YES;
				CLANG_WARN_UNGUARDED_AVAILABILITY = YES_AGGRESSIVE;
				CLANG_WARN_UNREACHABLE_CODE = YES;
				CLANG_WARN__DUPLICATE_METHOD_MATCH = YES;
				COPY_PHASE_STRIP = NO;
				DEBUG_INFORMATION_FORMAT = dwarf;
				ENABLE_STRICT_OBJC_MSGSEND = YES;
				ENABLE_TESTABILITY = YES;
				GCC_C_LANGUAGE_STANDARD = gnu11;
				GCC_DYNAMIC_NO_PIC = NO;
				GCC_NO_COMMON_BLOCKS = YES;
				GCC_OPTIMIZATION_LEVEL = 0;
				GCC_PREPROCESSOR_DEFINITIONS = (
					"DEBUG=1",
					"$(inherited)",
				);
				GCC_WARN_64_TO_32_BIT_CONVERSION = YES;
				GCC_WARN_ABOUT_RETURN_TYPE = YES_ERROR;
				GCC_WARN_UNDECLARED_SELECTOR = YES;
				GCC_WARN_UNINITIALIZED_AUTOS = YES_AGGRESSIVE;
				GCC_WARN_UNUSED_FUNCTION = YES;
				GCC_WARN_UNUSED_VARIABLE = YES;
				IPHONEOS_DEPLOYMENT_TARGET = 14.3;
				MTL_ENABLE_DEBUG_INFO = INCLUDE_SOURCE;
				MTL_FAST_MATH = YES;
				ONLY_ACTIVE_ARCH = YES;
				SDKROOT = iphoneos;
				SWIFT_ACTIVE_COMPILATION_CONDITIONS = DEBUG;
				SWIFT_OPTIMIZATION_LEVEL = "-Onone";
			};
			name = Debug;
		};
		C5874059260CD4D500C189BB /* Release */ = {
			isa = XCBuildConfiguration;
			buildSettings = {
				ALWAYS_SEARCH_USER_PATHS = NO;
				CLANG_ANALYZER_NONNULL = YES;
				CLANG_ANALYZER_NUMBER_OBJECT_CONVERSION = YES_AGGRESSIVE;
				CLANG_CXX_LANGUAGE_STANDARD = "gnu++14";
				CLANG_CXX_LIBRARY = "libc++";
				CLANG_ENABLE_MODULES = YES;
				CLANG_ENABLE_OBJC_ARC = YES;
				CLANG_ENABLE_OBJC_WEAK = YES;
				CLANG_WARN_BLOCK_CAPTURE_AUTORELEASING = YES;
				CLANG_WARN_BOOL_CONVERSION = YES;
				CLANG_WARN_COMMA = YES;
				CLANG_WARN_CONSTANT_CONVERSION = YES;
				CLANG_WARN_DEPRECATED_OBJC_IMPLEMENTATIONS = YES;
				CLANG_WARN_DIRECT_OBJC_ISA_USAGE = YES_ERROR;
				CLANG_WARN_DOCUMENTATION_COMMENTS = YES;
				CLANG_WARN_EMPTY_BODY = YES;
				CLANG_WARN_ENUM_CONVERSION = YES;
				CLANG_WARN_INFINITE_RECURSION = YES;
				CLANG_WARN_INT_CONVERSION = YES;
				CLANG_WARN_NON_LITERAL_NULL_CONVERSION = YES;
				CLANG_WARN_OBJC_IMPLICIT_RETAIN_SELF = YES;
				CLANG_WARN_OBJC_LITERAL_CONVERSION = YES;
				CLANG_WARN_OBJC_ROOT_CLASS = YES_ERROR;
				CLANG_WARN_QUOTED_INCLUDE_IN_FRAMEWORK_HEADER = YES;
				CLANG_WARN_RANGE_LOOP_ANALYSIS = YES;
				CLANG_WARN_STRICT_PROTOTYPES = YES;
				CLANG_WARN_SUSPICIOUS_MOVE = YES;
				CLANG_WARN_UNGUARDED_AVAILABILITY = YES_AGGRESSIVE;
				CLANG_WARN_UNREACHABLE_CODE = YES;
				CLANG_WARN__DUPLICATE_METHOD_MATCH = YES;
				COPY_PHASE_STRIP = NO;
				DEBUG_INFORMATION_FORMAT = "dwarf-with-dsym";
				ENABLE_NS_ASSERTIONS = NO;
				ENABLE_STRICT_OBJC_MSGSEND = YES;
				GCC_C_LANGUAGE_STANDARD = gnu11;
				GCC_NO_COMMON_BLOCKS = YES;
				GCC_WARN_64_TO_32_BIT_CONVERSION = YES;
				GCC_WARN_ABOUT_RETURN_TYPE = YES_ERROR;
				GCC_WARN_UNDECLARED_SELECTOR = YES;
				GCC_WARN_UNINITIALIZED_AUTOS = YES_AGGRESSIVE;
				GCC_WARN_UNUSED_FUNCTION = YES;
				GCC_WARN_UNUSED_VARIABLE = YES;
				IPHONEOS_DEPLOYMENT_TARGET = 14.3;
				MTL_ENABLE_DEBUG_INFO = NO;
				MTL_FAST_MATH = YES;
				SDKROOT = iphoneos;
				SWIFT_COMPILATION_MODE = wholemodule;
				SWIFT_OPTIMIZATION_LEVEL = "-O";
				VALIDATE_PRODUCT = YES;
			};
			name = Release;
		};
		C587405B260CD4D500C189BB /* Debug */ = {
			isa = XCBuildConfiguration;
			buildSettings = {
				ASSETCATALOG_COMPILER_APPICON_NAME = AppIcon;
				ASSETCATALOG_COMPILER_GLOBAL_ACCENT_COLOR_NAME = AccentColor;
				CODE_SIGN_STYLE = Automatic;
				DEVELOPMENT_ASSET_PATHS = "\"Landmarks/Preview Content\"";
				ENABLE_PREVIEWS = YES;
				INFOPLIST_FILE = Landmarks/Info.plist;
				IPHONEOS_DEPLOYMENT_TARGET = 14.0;
				LD_RUNPATH_SEARCH_PATHS = (
					"$(inherited)",
					"@executable_path/Frameworks",
				);
				PRODUCT_BUNDLE_IDENTIFIER = com.swifui.sample.Landmarks.Landmarks;
				PRODUCT_NAME = "$(TARGET_NAME)";
				SWIFT_VERSION = 5.0;
				TARGETED_DEVICE_FAMILY = "1,2";
			};
			name = Debug;
		};
		C587405C260CD4D500C189BB /* Release */ = {
			isa = XCBuildConfiguration;
			buildSettings = {
				ASSETCATALOG_COMPILER_APPICON_NAME = AppIcon;
				ASSETCATALOG_COMPILER_GLOBAL_ACCENT_COLOR_NAME = AccentColor;
				CODE_SIGN_STYLE = Automatic;
				DEVELOPMENT_ASSET_PATHS = "\"Landmarks/Preview Content\"";
				ENABLE_PREVIEWS = YES;
				INFOPLIST_FILE = Landmarks/Info.plist;
				IPHONEOS_DEPLOYMENT_TARGET = 14.0;
				LD_RUNPATH_SEARCH_PATHS = (
					"$(inherited)",
					"@executable_path/Frameworks",
				);
				PRODUCT_BUNDLE_IDENTIFIER = com.swifui.sample.Landmarks.Landmarks;
				PRODUCT_NAME = "$(TARGET_NAME)";
				SWIFT_VERSION = 5.0;
				TARGETED_DEVICE_FAMILY = "1,2";
			};
			name = Release;
		};
/* End XCBuildConfiguration section */

/* Begin XCConfigurationList section */
		C5874046260CD4D100C189BB /* Build configuration list for PBXProject "Landmarks" */ = {
			isa = XCConfigurationList;
			buildConfigurations = (
				C5874058260CD4D500C189BB /* Debug */,
				C5874059260CD4D500C189BB /* Release */,
			);
			defaultConfigurationIsVisible = 0;
			defaultConfigurationName = Release;
		};
		C587405A260CD4D500C189BB /* Build configuration list for PBXNativeTarget "Landmarks" */ = {
			isa = XCConfigurationList;
			buildConfigurations = (
				C587405B260CD4D500C189BB /* Debug */,
				C587405C260CD4D500C189BB /* Release */,
			);
			defaultConfigurationIsVisible = 0;
			defaultConfigurationName = Release;
		};
/* End XCConfigurationList section */
	};
	rootObject = C5874043260CD4D100C189BB /* Project object */;
}
