// !$*UTF8*$!
{
	archiveVersion = 1;
	classes = {
	};
	objectVersion = 50;
	objects = {

/* Begin PBXBuildFile section */
		C5873E3825EBFA9B00C189BB /* LandmarksApp.swift in Sources */ = {isa = PBXBuildFile; fileRef = C5873E3725EBFA9B00C189BB /* LandmarksApp.swift */; };
		C5873E3C25EBFA9D00C189BB /* Assets.xcassets in Resources */ = {isa = PBXBuildFile; fileRef = C5873E3B25EBFA9D00C189BB /* Assets.xcassets */; };
		C5873E3F25EBFA9D00C189BB /* Preview Assets.xcassets in Resources */ = {isa = PBXBuildFile; fileRef = C5873E3E25EBFA9D00C189BB /* Preview Assets.xcassets */; };
		C5873E5625EBFBC200C189BB /* MapView.swift in Sources */ = {isa = PBXBuildFile; fileRef = C5873E5425EBFBC200C189BB /* MapView.swift */; };
		C5873E5725EBFBC200C189BB /* CircleImageView.swift in Sources */ = {isa = PBXBuildFile; fileRef = C5873E5525EBFBC200C189BB /* CircleImageView.swift */; };
		C5873E5D25EBFC3B00C189BB /* ModelData.swift in Sources */ = {isa = PBXBuildFile; fileRef = C5873E5B25EBFC3B00C189BB /* ModelData.swift */; };
		C5873E5E25EBFC3B00C189BB /* Landmark.swift in Sources */ = {isa = PBXBuildFile; fileRef = C5873E5C25EBFC3B00C189BB /* Landmark.swift */; };
		C5873E6325EBFC5900C189BB /* landmarkData.json in Resources */ = {isa = PBXBuildFile; fileRef = C5873E6225EBFC5900C189BB /* landmarkData.json */; };
		C5873E6B25EBFC7B00C189BB /* LandmarkDetailView.swift in Sources */ = {isa = PBXBuildFile; fileRef = C5873E6625EBFC7B00C189BB /* LandmarkDetailView.swift */; };
		C5873E6C25EBFC7B00C189BB /* LandmarkListView.swift in Sources */ = {isa = PBXBuildFile; fileRef = C5873E6725EBFC7B00C189BB /* LandmarkListView.swift */; };
		C5873E6D25EBFC7B00C189BB /* ContentView.swift in Sources */ = {isa = PBXBuildFile; fileRef = C5873E6825EBFC7B00C189BB /* ContentView.swift */; };
		C5873E6E25EBFC7B00C189BB /* LandmarkRow.swift in Sources */ = {isa = PBXBuildFile; fileRef = C5873E6A25EBFC7B00C189BB /* LandmarkRow.swift */; };
		C5873E7425EC429700C189BB /* FavoriteButton.swift in Sources */ = {isa = PBXBuildFile; fileRef = C5873E7325EC429700C189BB /* FavoriteButton.swift */; };
/* End PBXBuildFile section */

/* Begin PBXFileReference section */
		C5873E3425EBFA9B00C189BB /* Landmarks.app */ = {isa = PBXFileReference; explicitFileType = wrapper.application; includeInIndex = 0; path = Landmarks.app; sourceTree = BUILT_PRODUCTS_DIR; };
		C5873E3725EBFA9B00C189BB /* LandmarksApp.swift */ = {isa = PBXFileReference; lastKnownFileType = sourcecode.swift; path = LandmarksApp.swift; sourceTree = "<group>"; };
		C5873E3B25EBFA9D00C189BB /* Assets.xcassets */ = {isa = PBXFileReference; lastKnownFileType = folder.assetcatalog; path = Assets.xcassets; sourceTree = "<group>"; };
		C5873E3E25EBFA9D00C189BB /* Preview Assets.xcassets */ = {isa = PBXFileReference; lastKnownFileType = folder.assetcatalog; path = "Preview Assets.xcassets"; sourceTree = "<group>"; };
		C5873E4025EBFA9D00C189BB /* Info.plist */ = {isa = PBXFileReference; lastKnownFileType = text.plist.xml; path = Info.plist; sourceTree = "<group>"; };
		C5873E5425EBFBC200C189BB /* MapView.swift */ = {isa = PBXFileReference; fileEncoding = 4; lastKnownFileType = sourcecode.swift; path = MapView.swift; sourceTree = "<group>"; };
		C5873E5525EBFBC200C189BB /* CircleImageView.swift */ = {isa = PBXFileReference; fileEncoding = 4; lastKnownFileType = sourcecode.swift; path = CircleImageView.swift; sourceTree = "<group>"; };
		C5873E5B25EBFC3B00C189BB /* ModelData.swift */ = {isa = PBXFileReference; fileEncoding = 4; lastKnownFileType = sourcecode.swift; path = ModelData.swift; sourceTree = "<group>"; };
		C5873E5C25EBFC3B00C189BB /* Landmark.swift */ = {isa = PBXFileReference; fileEncoding = 4; lastKnownFileType = sourcecode.swift; path = Landmark.swift; sourceTree = "<group>"; };
		C5873E6225EBFC5900C189BB /* landmarkData.json */ = {isa = PBXFileReference; fileEncoding = 4; lastKnownFileType = text.json; path = landmarkData.json; sourceTree = "<group>"; };
		C5873E6625EBFC7B00C189BB /* LandmarkDetailView.swift */ = {isa = PBXFileReference; fileEncoding = 4; lastKnownFileType = sourcecode.swift; path = LandmarkDetailView.swift; sourceTree = "<group>"; };
		C5873E6725EBFC7B00C189BB /* LandmarkListView.swift */ = {isa = PBXFileReference; fileEncoding = 4; lastKnownFileType = sourcecode.swift; path = LandmarkListView.swift; sourceTree = "<group>"; };
		C5873E6825EBFC7B00C189BB /* ContentView.swift */ = {isa = PBXFileReference; fileEncoding = 4; lastKnownFileType = sourcecode.swift; path = ContentView.swift; sourceTree = "<group>"; };
		C5873E6A25EBFC7B00C189BB /* LandmarkRow.swift */ = {isa = PBXFileReference; fileEncoding = 4; lastKnownFileType = sourcecode.swift; path = LandmarkRow.swift; sourceTree = "<group>"; };
		C5873E7325EC429700C189BB /* FavoriteButton.swift */ = {isa = PBXFileReference; lastKnownFileType = sourcecode.swift; path = FavoriteButton.swift; sourceTree = "<group>"; };
/* End PBXFileReference section */

/* Begin PBXFrameworksBuildPhase section */
		C5873E3125EBFA9B00C189BB /* Frameworks */ = {
			isa = PBXFrameworksBuildPhase;
			buildActionMask = 2147483647;
			files = (
			);
			runOnlyForDeploymentPostprocessing = 0;
		};
/* End PBXFrameworksBuildPhase section */

/* Begin PBXGroup section */
		C5873E2B25EBFA9B00C189BB = {
			isa = PBXGroup;
			children = (
				C5873E3625EBFA9B00C189BB /* Landmarks */,
				C5873E3525EBFA9B00C189BB /* Products */,
			);
			sourceTree = "<group>";
		};
		C5873E3525EBFA9B00C189BB /* Products */ = {
			isa = PBXGroup;
			children = (
				C5873E3425EBFA9B00C189BB /* Landmarks.app */,
			);
			name = Products;
			sourceTree = "<group>";
		};
		C5873E3625EBFA9B00C189BB /* Landmarks */ = {
			isa = PBXGroup;
			children = (
				C5873E6125EBFC5900C189BB /* Resources */,
				C5873E5A25EBFC3B00C189BB /* Model */,
				C5873E6525EBFC7B00C189BB /* Views */,
				C5873E3725EBFA9B00C189BB /* LandmarksApp.swift */,
				C5873E3B25EBFA9D00C189BB /* Assets.xcassets */,
				C5873E4025EBFA9D00C189BB /* Info.plist */,
				C5873E3D25EBFA9D00C189BB /* Preview Content */,
			);
			path = Landmarks;
			sourceTree = "<group>";
		};
		C5873E3D25EBFA9D00C189BB /* Preview Content */ = {
			isa = PBXGroup;
			children = (
				C5873E3E25EBFA9D00C189BB /* Preview Assets.xcassets */,
			);
			path = "Preview Content";
			sourceTree = "<group>";
		};
		C5873E5A25EBFC3B00C189BB /* Model */ = {
			isa = PBXGroup;
			children = (
				C5873E5B25EBFC3B00C189BB /* ModelData.swift */,
				C5873E5C25EBFC3B00C189BB /* Landmark.swift */,
			);
			path = Model;
			sourceTree = "<group>";
		};
		C5873E6125EBFC5900C189BB /* Resources */ = {
			isa = PBXGroup;
			children = (
				C5873E6225EBFC5900C189BB /* landmarkData.json */,
			);
			path = Resources;
			sourceTree = "<group>";
		};
		C5873E6525EBFC7B00C189BB /* Views */ = {
			isa = PBXGroup;
			children = (
				C5873E7725EC438400C189BB /* Helpers */,
				C5873E7625EC436600C189BB /* Landmarks */,
				C5873E6825EBFC7B00C189BB /* ContentView.swift */,
			);
			path = Views;
			sourceTree = "<group>";
		};
		C5873E7625EC436600C189BB /* Landmarks */ = {
			isa = PBXGroup;
			children = (
				C5873E6725EBFC7B00C189BB /* LandmarkListView.swift */,
				C5873E6625EBFC7B00C189BB /* LandmarkDetailView.swift */,
				C5873E6A25EBFC7B00C189BB /* LandmarkRow.swift */,
			);
			path = Landmarks;
			sourceTree = "<group>";
		};
		C5873E7725EC438400C189BB /* Helpers */ = {
			isa = PBXGroup;
			children = (
				C5873E5425EBFBC200C189BB /* MapView.swift */,
				C5873E5525EBFBC200C189BB /* CircleImageView.swift */,
				C5873E7325EC429700C189BB /* FavoriteButton.swift */,
			);
			path = Helpers;
			sourceTree = "<group>";
		};
/* End PBXGroup section */

/* Begin PBXNativeTarget section */
		C5873E3325EBFA9B00C189BB /* Landmarks */ = {
			isa = PBXNativeTarget;
			buildConfigurationList = C5873E4325EBFA9D00C189BB /* Build configuration list for PBXNativeTarget "Landmarks" */;
			buildPhases = (
				C5873E3025EBFA9B00C189BB /* Sources */,
				C5873E3125EBFA9B00C189BB /* Frameworks */,
				C5873E3225EBFA9B00C189BB /* Resources */,
			);
			buildRules = (
			);
			dependencies = (
			);
			name = Landmarks;
			productName = Landmarks;
			productReference = C5873E3425EBFA9B00C189BB /* Landmarks.app */;
			productType = "com.apple.product-type.application";
		};
/* End PBXNativeTarget section */

/* Begin PBXProject section */
		C5873E2C25EBFA9B00C189BB /* Project object */ = {
			isa = PBXProject;
			attributes = {
				LastSwiftUpdateCheck = 1230;
				LastUpgradeCheck = 1230;
				TargetAttributes = {
					C5873E3325EBFA9B00C189BB = {
						CreatedOnToolsVersion = 12.3;
					};
				};
			};
			buildConfigurationList = C5873E2F25EBFA9B00C189BB /* Build configuration list for PBXProject "Landmarks" */;
			compatibilityVersion = "Xcode 9.3";
			developmentRegion = en;
			hasScannedForEncodings = 0;
			knownRegions = (
				en,
				Base,
			);
			mainGroup = C5873E2B25EBFA9B00C189BB;
			productRefGroup = C5873E3525EBFA9B00C189BB /* Products */;
			projectDirPath = "";
			projectRoot = "";
			targets = (
				C5873E3325EBFA9B00C189BB /* Landmarks */,
			);
		};
/* End PBXProject section */

/* Begin PBXResourcesBuildPhase section */
		C5873E3225EBFA9B00C189BB /* Resources */ = {
			isa = PBXResourcesBuildPhase;
			buildActionMask = 2147483647;
			files = (
				C5873E3F25EBFA9D00C189BB /* Preview Assets.xcassets in Resources */,
				C5873E3C25EBFA9D00C189BB /* Assets.xcassets in Resources */,
				C5873E6325EBFC5900C189BB /* landmarkData.json in Resources */,
			);
			runOnlyForDeploymentPostprocessing = 0;
		};
/* End PBXResourcesBuildPhase section */

/* Begin PBXSourcesBuildPhase section */
		C5873E3025EBFA9B00C189BB /* Sources */ = {
			isa = PBXSourcesBuildPhase;
			buildActionMask = 2147483647;
			files = (
				C5873E5725EBFBC200C189BB /* CircleImageView.swift in Sources */,
				C5873E5D25EBFC3B00C189BB /* ModelData.swift in Sources */,
				C5873E6D25EBFC7B00C189BB /* ContentView.swift in Sources */,
				C5873E7425EC429700C189BB /* FavoriteButton.swift in Sources */,
				C5873E5625EBFBC200C189BB /* MapView.swift in Sources */,
				C5873E3825EBFA9B00C189BB /* LandmarksApp.swift in Sources */,
				C5873E5E25EBFC3B00C189BB /* Landmark.swift in Sources */,
				C5873E6C25EBFC7B00C189BB /* LandmarkListView.swift in Sources */,
				C5873E6B25EBFC7B00C189BB /* LandmarkDetailView.swift in Sources */,
				C5873E6E25EBFC7B00C189BB /* LandmarkRow.swift in Sources */,
			);
			runOnlyForDeploymentPostprocessing = 0;
		};
/* End PBXSourcesBuildPhase section */

/* Begin XCBuildConfiguration section */
		C5873E4125EBFA9D00C189BB /* Debug */ = {
			isa = XCBuildConfiguration;
			buildSettings = {
				ALWAYS_SEARCH_USER_PATHS = NO;
				CLANG_ANALYZER_NONNULL = YES;
				CLANG_ANALYZER_NUMBER_OBJECT_CONVERSION = YES_AGGRESSIVE;
				CLANG_CXX_LANGUAGE_STANDARD = "gnu++14";
				CLANG_CXX_LIBRARY = "libc++";
				CLANG_ENABLE_MODULES = YES;
				CLANG_ENABLE_OBJC_ARC = YES;
				CLANG_ENABLE_OBJC_WEAK = YES;
				CLANG_WARN_BLOCK_CAPTURE_AUTORELEASING = YES;
				CLANG_WARN_BOOL_CONVERSION = YES;
				CLANG_WARN_COMMA = YES;
				CLANG_WARN_CONSTANT_CONVERSION = YES;
				CLANG_WARN_DEPRECATED_OBJC_IMPLEMENTATIONS = YES;
				CLANG_WARN_DIRECT_OBJC_ISA_USAGE = YES_ERROR;
				CLANG_WARN_DOCUMENTATION_COMMENTS = YES;
				CLANG_WARN_EMPTY_BODY = YES;
				CLANG_WARN_ENUM_CONVERSION = YES;
				CLANG_WARN_INFINITE_RECURSION = YES;
				CLANG_WARN_INT_CONVERSION = YES;
				CLANG_WARN_NON_LITERAL_NULL_CONVERSION = YES;
				CLANG_WARN_OBJC_IMPLICIT_RETAIN_SELF = YES;
				CLANG_WARN_OBJC_LITERAL_CONVERSION = YES;
				CLANG_WARN_OBJC_ROOT_CLASS = YES_ERROR;
				CLANG_WARN_QUOTED_INCLUDE_IN_FRAMEWORK_HEADER = YES;
				CLANG_WARN_RANGE_LOOP_ANALYSIS = YES;
				CLANG_WARN_STRICT_PROTOTYPES = YES;
				CLANG_WARN_SUSPICIOUS_MOVE = YES;
				CLANG_WARN_UNGUARDED_AVAILABILITY = YES_AGGRESSIVE;
				CLANG_WARN_UNREACHABLE_CODE = YES;
				CLANG_WARN__DUPLICATE_METHOD_MATCH = YES;
				COPY_PHASE_STRIP = NO;
				DEBUG_INFORMATION_FORMAT = dwarf;
				ENABLE_STRICT_OBJC_MSGSEND = YES;
				ENABLE_TESTABILITY = YES;
				GCC_C_LANGUAGE_STANDARD = gnu11;
				GCC_DYNAMIC_NO_PIC = NO;
				GCC_NO_COMMON_BLOCKS = YES;
				GCC_OPTIMIZATION_LEVEL = 0;
				GCC_PREPROCESSOR_DEFINITIONS = (
					"DEBUG=1",
					"$(inherited)",
				);
				GCC_WARN_64_TO_32_BIT_CONVERSION = YES;
				GCC_WARN_ABOUT_RETURN_TYPE = YES_ERROR;
				GCC_WARN_UNDECLARED_SELECTOR = YES;
				GCC_WARN_UNINITIALIZED_AUTOS = YES_AGGRESSIVE;
				GCC_WARN_UNUSED_FUNCTION = YES;
				GCC_WARN_UNUSED_VARIABLE = YES;
				IPHONEOS_DEPLOYMENT_TARGET = 14.3;
				MTL_ENABLE_DEBUG_INFO = INCLUDE_SOURCE;
				MTL_FAST_MATH = YES;
				ONLY_ACTIVE_ARCH = YES;
				SDKROOT = iphoneos;
				SWIFT_ACTIVE_COMPILATION_CONDITIONS = DEBUG;
				SWIFT_OPTIMIZATION_LEVEL = "-Onone";
			};
			name = Debug;
		};
		C5873E4225EBFA9D00C189BB /* Release */ = {
			isa = XCBuildConfiguration;
			buildSettings = {
				ALWAYS_SEARCH_USER_PATHS = NO;
				CLANG_ANALYZER_NONNULL = YES;
				CLANG_ANALYZER_NUMBER_OBJECT_CONVERSION = YES_AGGRESSIVE;
				CLANG_CXX_LANGUAGE_STANDARD = "gnu++14";
				CLANG_CXX_LIBRARY = "libc++";
				CLANG_ENABLE_MODULES = YES;
				CLANG_ENABLE_OBJC_ARC = YES;
				CLANG_ENABLE_OBJC_WEAK = YES;
				CLANG_WARN_BLOCK_CAPTURE_AUTORELEASING = YES;
				CLANG_WARN_BOOL_CONVERSION = YES;
				CLANG_WARN_COMMA = YES;
				CLANG_WARN_CONSTANT_CONVERSION = YES;
				CLANG_WARN_DEPRECATED_OBJC_IMPLEMENTATIONS = YES;
				CLANG_WARN_DIRECT_OBJC_ISA_USAGE = YES_ERROR;
				CLANG_WARN_DOCUMENTATION_COMMENTS = YES;
				CLANG_WARN_EMPTY_BODY = YES;
				CLANG_WARN_ENUM_CONVERSION = YES;
				CLANG_WARN_INFINITE_RECURSION = YES;
				CLANG_WARN_INT_CONVERSION = YES;
				CLANG_WARN_NON_LITERAL_NULL_CONVERSION = YES;
				CLANG_WARN_OBJC_IMPLICIT_RETAIN_SELF = YES;
				CLANG_WARN_OBJC_LITERAL_CONVERSION = YES;
				CLANG_WARN_OBJC_ROOT_CLASS = YES_ERROR;
				CLANG_WARN_QUOTED_INCLUDE_IN_FRAMEWORK_HEADER = YES;
				CLANG_WARN_RANGE_LOOP_ANALYSIS = YES;
				CLANG_WARN_STRICT_PROTOTYPES = YES;
				CLANG_WARN_SUSPICIOUS_MOVE = YES;
				CLANG_WARN_UNGUARDED_AVAILABILITY = YES_AGGRESSIVE;
				CLANG_WARN_UNREACHABLE_CODE = YES;
				CLANG_WARN__DUPLICATE_METHOD_MATCH = YES;
				COPY_PHASE_STRIP = NO;
				DEBUG_INFORMATION_FORMAT = "dwarf-with-dsym";
				ENABLE_NS_ASSERTIONS = NO;
				ENABLE_STRICT_OBJC_MSGSEND = YES;
				GCC_C_LANGUAGE_STANDARD = gnu11;
				GCC_NO_COMMON_BLOCKS = YES;
				GCC_WARN_64_TO_32_BIT_CONVERSION = YES;
				GCC_WARN_ABOUT_RETURN_TYPE = YES_ERROR;
				GCC_WARN_UNDECLARED_SELECTOR = YES;
				GCC_WARN_UNINITIALIZED_AUTOS = YES_AGGRESSIVE;
				GCC_WARN_UNUSED_FUNCTION = YES;
				GCC_WARN_UNUSED_VARIABLE = YES;
				IPHONEOS_DEPLOYMENT_TARGET = 14.3;
				MTL_ENABLE_DEBUG_INFO = NO;
				MTL_FAST_MATH = YES;
				SDKROOT = iphoneos;
				SWIFT_COMPILATION_MODE = wholemodule;
				SWIFT_OPTIMIZATION_LEVEL = "-O";
				VALIDATE_PRODUCT = YES;
			};
			name = Release;
		};
		C5873E4425EBFA9D00C189BB /* Debug */ = {
			isa = XCBuildConfiguration;
			buildSettings = {
				ASSETCATALOG_COMPILER_APPICON_NAME = AppIcon;
				ASSETCATALOG_COMPILER_GLOBAL_ACCENT_COLOR_NAME = AccentColor;
				CODE_SIGN_STYLE = Automatic;
				DEVELOPMENT_ASSET_PATHS = "\"Landmarks/Preview Content\"";
				ENABLE_PREVIEWS = YES;
				INFOPLIST_FILE = Landmarks/Info.plist;
				IPHONEOS_DEPLOYMENT_TARGET = 14.0;
				LD_RUNPATH_SEARCH_PATHS = (
					"$(inherited)",
					"@executable_path/Frameworks",
				);
				PRODUCT_BUNDLE_IDENTIFIER = com.swifui.sample.Landmarks.Landmarks;
				PRODUCT_NAME = "$(TARGET_NAME)";
				SWIFT_VERSION = 5.0;
				TARGETED_DEVICE_FAMILY = "1,2";
			};
			name = Debug;
		};
		C5873E4525EBFA9D00C189BB /* Release */ = {
			isa = XCBuildConfiguration;
			buildSettings = {
				ASSETCATALOG_COMPILER_APPICON_NAME = AppIcon;
				ASSETCATALOG_COMPILER_GLOBAL_ACCENT_COLOR_NAME = AccentColor;
				CODE_SIGN_STYLE = Automatic;
				DEVELOPMENT_ASSET_PATHS = "\"Landmarks/Preview Content\"";
				ENABLE_PREVIEWS = YES;
				INFOPLIST_FILE = Landmarks/Info.plist;
				IPHONEOS_DEPLOYMENT_TARGET = 14.0;
				LD_RUNPATH_SEARCH_PATHS = (
					"$(inherited)",
					"@executable_path/Frameworks",
				);
				PRODUCT_BUNDLE_IDENTIFIER = com.swifui.sample.Landmarks.Landmarks;
				PRODUCT_NAME = "$(TARGET_NAME)";
				SWIFT_VERSION = 5.0;
				TARGETED_DEVICE_FAMILY = "1,2";
			};
			name = Release;
		};
/* End XCBuildConfiguration section */

/* Begin XCConfigurationList section */
		C5873E2F25EBFA9B00C189BB /* Build configuration list for PBXProject "Landmarks" */ = {
			isa = XCConfigurationList;
			buildConfigurations = (
				C5873E4125EBFA9D00C189BB /* Debug */,
				C5873E4225EBFA9D00C189BB /* Release */,
			);
			defaultConfigurationIsVisible = 0;
			defaultConfigurationName = Release;
		};
		C5873E4325EBFA9D00C189BB /* Build configuration list for PBXNativeTarget "Landmarks" */ = {
			isa = XCConfigurationList;
			buildConfigurations = (
				C5873E4425EBFA9D00C189BB /* Debug */,
				C5873E4525EBFA9D00C189BB /* Release */,
			);
			defaultConfigurationIsVisible = 0;
			defaultConfigurationName = Release;
		};
/* End XCConfigurationList section */
	};
	rootObject = C5873E2C25EBFA9B00C189BB /* Project object */;
}
